
Microsoft Visual Studio Solution File, Format Version 12.00
# Visual Studio 2017
Project("{FAE04EC0-301F-11D3-BF4B-00C04F79EFBC}") = "Programming_Project_1", "Programming_Project_1.csproj", "{EC7828C9-5605-BA53-8547-0A9B6C81596F}"
EndProject
Global
	GlobalSection(SolutionConfigurationPlatforms) = preSolution
		Debug|Any CPU = Debug|Any CPU
		Release|Any CPU = Release|Any CPU
	EndGlobalSection
	GlobalSection(ProjectConfigurationPlatforms) = postSolution
		{EC7828C9-5605-BA53-8547-0A9B6C81596F}.Debug|Any CPU.ActiveCfg = Debug|Any CPU
		{EC7828C9-5605-BA53-8547-0A9B6C81596F}.Debug|Any CPU.Build.0 = Debug|Any CPU
		{EC7828C9-5605-BA53-8547-0A9B6C81596F}.Release|Any CPU.ActiveCfg = Release|Any CPU
		{EC7828C9-5605-BA53-8547-0A9B6C81596F}.Release|Any CPU.Build.0 = Release|Any CPU
	EndGlobalSection
	GlobalSection(SolutionProperties) = preSolution
		HideSolutionNode = FALSE
	EndGlobalSection
EndGlobal
